// !$*UTF8*$!
{
	archiveVersion = 1;
	classes = {
	};
	objectVersion = 46;
	objects = {

/* Begin PBXFileReference section */
		3EE40C71160D01EC00531768 /* include */ = {isa = PBXFileReference; lastKnownFileType = folder; path = include; sourceTree = "<group>"; };
		3EE40C72160D01EC00531768 /* lib */ = {isa = PBXFileReference; lastKnownFileType = folder; path = lib; sourceTree = "<group>"; };
		3EE40C73160D01EC00531768 /* Makefile */ = {isa = PBXFileReference; lastKnownFileType = sourcecode.make; path = Makefile; sourceTree = "<group>"; };
		3EE40C78160D01EC00531768 /* src */ = {isa = PBXFileReference; lastKnownFileType = folder; path = src; sourceTree = "<group>"; };
/* End PBXFileReference section */

/* Begin PBXGroup section */
		3EE40C67160D01EC00531768 = {
			isa = PBXGroup;
			children = (
				3EE40C71160D01EC00531768 /* include */,
				3EE40C72160D01EC00531768 /* lib */,
				3EE40C73160D01EC00531768 /* Makefile */,
				3EE40C78160D01EC00531768 /* src */,
			);
			sourceTree = "<group>";
		};
/* End PBXGroup section */

/* Begin PBXLegacyTarget section */
		3EE40C6E160D01EC00531768 /* vecmath */ = {
			isa = PBXLegacyTarget;
			buildArgumentsString = "$(ACTION)";
			buildConfigurationList = 3EE40C7C160D01EC00531768 /* Build configuration list for PBXLegacyTarget "vecmath" */;
			buildPhases = (
			);
			buildToolPath = /usr/bin/make;
			buildWorkingDirectory = "$(SRCROOT)";
			dependencies = (
			);
			name = vecmath;
			passBuildSettingsInEnvironment = 1;
			productName = vecmath;
		};
/* End PBXLegacyTarget section */

/* Begin PBXProject section */
		3EE40C69160D01EC00531768 /* Project object */ = {
			isa = PBXProject;
			attributes = {
				LastUpgradeCheck = 0450;
			};
			buildConfigurationList = 3EE40C6C160D01EC00531768 /* Build configuration list for PBXProject "vecmath" */;
			compatibilityVersion = "Xcode 3.2";
			developmentRegion = English;
			hasScannedForEncodings = 0;
			knownRegions = (
				en,
			);
			mainGroup = 3EE40C67160D01EC00531768;
			projectDirPath = "";
			projectRoot = "";
			targets = (
				3EE40C6E160D01EC00531768 /* vecmath */,
			);
		};
/* End PBXProject section */

/* Begin XCBuildConfiguration section */
		3EE40C6A160D01EC00531768 /* Debug */ = {
			isa = XCBuildConfiguration;
			buildSettings = {
				ARCHS = "$(ARCHS_STANDARD_32_BIT)";
				COPY_PHASE_STRIP = NO;
				GCC_WARN_ABOUT_RETURN_TYPE = YES;
				GCC_WARN_UNUSED_VARIABLE = YES;
				MACOSX_DEPLOYMENT_TARGET = 10.8;
				ONLY_ACTIVE_ARCH = YES;
				SDKROOT = macosx;
			};
			name = Debug;
		};
		3EE40C6B160D01EC00531768 /* Release */ = {
			isa = XCBuildConfiguration;
			buildSettings = {
				ARCHS = "$(ARCHS_STANDARD_32_BIT)";
				COPY_PHASE_STRIP = YES;
				GCC_WARN_ABOUT_RETURN_TYPE = YES;
				GCC_WARN_UNUSED_VARIABLE = YES;
				MACOSX_DEPLOYMENT_TARGET = 10.8;
				SDKROOT = macosx;
			};
			name = Release;
		};
		3EE40C7D160D01EC00531768 /* Debug */ = {
			isa = XCBuildConfiguration;
			buildSettings = {
				COMBINE_HIDPI_IMAGES = YES;
				COPY_PHASE_STRIP = NO;
				DEBUGGING_SYMBOLS = YES;
				GCC_DYNAMIC_NO_PIC = NO;
				GCC_GENERATE_DEBUGGING_SYMBOLS = YES;
				GCC_OPTIMIZATION_LEVEL = 0;
				OTHER_CFLAGS = "";
				OTHER_LDFLAGS = "";
				PRODUCT_NAME = vecmath;
				SDKROOT = macosx;
			};
			name = Debug;
		};
		3EE40C7E160D01EC00531768 /* Release */ = {
			isa = XCBuildConfiguration;
			buildSettings = {
				COMBINE_HIDPI_IMAGES = YES;
				COPY_PHASE_STRIP = YES;
				DEBUG_INFORMATION_FORMAT = "dwarf-with-dsym";
				OTHER_CFLAGS = "";
				OTHER_LDFLAGS = "";
				PRODUCT_NAME = vecmath;
				SDKROOT = macosx;
			};
			name = Release;
		};
/* End XCBuildConfiguration section */

/* Begin XCConfigurationList section */
		3EE40C6C160D01EC00531768 /* Build configuration list for PBXProject "vecmath" */ = {
			isa = XCConfigurationList;
			buildConfigurations = (
				3EE40C6A160D01EC00531768 /* Debug */,
				3EE40C6B160D01EC00531768 /* Release */,
			);
			defaultConfigurationIsVisible = 0;
			defaultConfigurationName = Release;
		};
		3EE40C7C160D01EC00531768 /* Build configuration list for PBXLegacyTarget "vecmath" */ = {
			isa = XCConfigurationList;
			buildConfigurations = (
				3EE40C7D160D01EC00531768 /* Debug */,
				3EE40C7E160D01EC00531768 /* Release */,
			);
			defaultConfigurationIsVisible = 0;
			defaultConfigurationName = Release;
		};
/* End XCConfigurationList section */
	};
	rootObject = 3EE40C69160D01EC00531768 /* Project object */;
}
